// !$*UTF8*$!
{
	archiveVersion = 1;
	classes = {
	};
	objectVersion = 51;
	objects = {

/* Begin PBXBuildFile section */
		1127822325B5C1BE0072F547 /* AppDelegate.swift in Sources */ = {isa = PBXBuildFile; fileRef = 1127822225B5C1BE0072F547 /* AppDelegate.swift */; };
		1127822525B5C1BE0072F547 /* SceneDelegate.swift in Sources */ = {isa = PBXBuildFile; fileRef = 1127822425B5C1BE0072F547 /* SceneDelegate.swift */; };
		1127822C25B5C1BF0072F547 /* Assets.xcassets in Resources */ = {isa = PBXBuildFile; fileRef = 1127822B25B5C1BF0072F547 /* Assets.xcassets */; };
		1127822F25B5C1BF0072F547 /* LaunchScreen.storyboard in Resources */ = {isa = PBXBuildFile; fileRef = 1127822D25B5C1BF0072F547 /* LaunchScreen.storyboard */; };
		1127823A25B5C1BF0072F547 /* TheOracleTests.swift in Sources */ = {isa = PBXBuildFile; fileRef = 1127823925B5C1BF0072F547 /* TheOracleTests.swift */; };
		1127824A25B5C2AC0072F547 /* Network.swift in Sources */ = {isa = PBXBuildFile; fileRef = 1127824925B5C2AC0072F547 /* Network.swift */; };
		1127824C25B5C2B40072F547 /* DataSource.swift in Sources */ = {isa = PBXBuildFile; fileRef = 1127824B25B5C2B40072F547 /* DataSource.swift */; };
		117E5B1825BB7CA200B93E74 /* UIImageView+Extension.swift in Sources */ = {isa = PBXBuildFile; fileRef = 117E5B1725BB7CA200B93E74 /* UIImageView+Extension.swift */; };
		117E5B1E25BB823600B93E74 /* UILabel+Extensions.swift in Sources */ = {isa = PBXBuildFile; fileRef = 117E5B1D25BB823600B93E74 /* UILabel+Extensions.swift */; };
		117E5B2325BB83C700B93E74 /* FontConstants.swift in Sources */ = {isa = PBXBuildFile; fileRef = 117E5B2225BB83C700B93E74 /* FontConstants.swift */; };
		117E5B2725BEFA5000B93E74 /* OracleDetailViewController.swift in Sources */ = {isa = PBXBuildFile; fileRef = 117E5B2625BEFA5000B93E74 /* OracleDetailViewController.swift */; };
		117E5B2C25BEFEB600B93E74 /* CardView.swift in Sources */ = {isa = PBXBuildFile; fileRef = 117E5B2B25BEFEB600B93E74 /* CardView.swift */; };
		11935A2225BA13D900DA7673 /* Oracle.swift in Sources */ = {isa = PBXBuildFile; fileRef = 11935A2125BA13D900DA7673 /* Oracle.swift */; };
		11935A2625BA202100DA7673 /* GoogleService-Info.plist in Resources */ = {isa = PBXBuildFile; fileRef = 11935A2525BA202100DA7673 /* GoogleService-Info.plist */; };
		11935A5525BA2B5000DA7673 /* OracleListViewModel.swift in Sources */ = {isa = PBXBuildFile; fileRef = 11935A5425BA2B5000DA7673 /* OracleListViewModel.swift */; };
		11935A5B25BA2CAF00DA7673 /* OracleTableViewCell.swift in Sources */ = {isa = PBXBuildFile; fileRef = 11935A5925BA2CAF00DA7673 /* OracleTableViewCell.swift */; };
		11935A5C25BA2CAF00DA7673 /* OracleTableViewCell.xib in Resources */ = {isa = PBXBuildFile; fileRef = 11935A5A25BA2CAF00DA7673 /* OracleTableViewCell.xib */; };
		11935A6125BA2F0E00DA7673 /* UITableViewCell+Extensions.swift in Sources */ = {isa = PBXBuildFile; fileRef = 11935A6025BA2F0E00DA7673 /* UITableViewCell+Extensions.swift */; };
		119B5F3425C20C8100ECBFF7 /* AppCoordinator.swift in Sources */ = {isa = PBXBuildFile; fileRef = 119B5F3325C20C8100ECBFF7 /* AppCoordinator.swift */; };
		119B5F3A25C20C9300ECBFF7 /* Coordinator.swift in Sources */ = {isa = PBXBuildFile; fileRef = 119B5F3925C20C9300ECBFF7 /* Coordinator.swift */; };
		119B5F4625C20EF000ECBFF7 /* OracleListCoordinator.swift in Sources */ = {isa = PBXBuildFile; fileRef = 119B5F4525C20EF000ECBFF7 /* OracleListCoordinator.swift */; };
		119B5F4A25C20F5D00ECBFF7 /* Storyboarded.swift in Sources */ = {isa = PBXBuildFile; fileRef = 119B5F4925C20F5D00ECBFF7 /* Storyboarded.swift */; };
		119B5F5125C2114900ECBFF7 /* OracleListViewController.swift in Sources */ = {isa = PBXBuildFile; fileRef = 119B5F4F25C2114900ECBFF7 /* OracleListViewController.swift */; };
		119B5F5225C2114900ECBFF7 /* OracleListViewController.xib in Resources */ = {isa = PBXBuildFile; fileRef = 119B5F5025C2114900ECBFF7 /* OracleListViewController.xib */; };
		119B5F5A25C2144C00ECBFF7 /* UIViewController+Extensions.swift in Sources */ = {isa = PBXBuildFile; fileRef = 119B5F5925C2144C00ECBFF7 /* UIViewController+Extensions.swift */; };
		11AA71FF25C44BDC00A3185C /* OracleDetailViewModel.swift in Sources */ = {isa = PBXBuildFile; fileRef = 11AA71FE25C44BDC00A3185C /* OracleDetailViewModel.swift */; };
		11AA720525C4505500A3185C /* OracleGameStepOneViewController.swift in Sources */ = {isa = PBXBuildFile; fileRef = 11AA720325C4505500A3185C /* OracleGameStepOneViewController.swift */; };
		11AA720625C4505500A3185C /* OracleGameStepOneViewController.xib in Resources */ = {isa = PBXBuildFile; fileRef = 11AA720425C4505500A3185C /* OracleGameStepOneViewController.xib */; };
		11AA720C25C4506B00A3185C /* OracleGameStepOneCoordinator.swift in Sources */ = {isa = PBXBuildFile; fileRef = 11AA720B25C4506B00A3185C /* OracleGameStepOneCoordinator.swift */; };
		11AA721025C450EE00A3185C /* OracleGameStepOneViewModel.swift in Sources */ = {isa = PBXBuildFile; fileRef = 11AA720F25C450EE00A3185C /* OracleGameStepOneViewModel.swift */; };
		11D0C0E425C36BA2008C34D7 /* OracleCellViewModel.swift in Sources */ = {isa = PBXBuildFile; fileRef = 11D0C0E325C36BA2008C34D7 /* OracleCellViewModel.swift */; };
		11D0C0EA25C36D7A008C34D7 /* OracleDetailCoordinator.swift in Sources */ = {isa = PBXBuildFile; fileRef = 11D0C0E925C36D7A008C34D7 /* OracleDetailCoordinator.swift */; };
		11D0C0F425C376A4008C34D7 /* OracleDetailViewController.xib in Resources */ = {isa = PBXBuildFile; fileRef = 11D0C0F325C376A4008C34D7 /* OracleDetailViewController.xib */; };
		55DDB071AD6F8B4FA5797E15 /* Pods_TheOracle.framework in Frameworks */ = {isa = PBXBuildFile; fileRef = D5D4C7E8FDDBD4C516C5C71C /* Pods_TheOracle.framework */; };
		8F5E9002EE263B63F185339E /* Pods_TheOracleTests.framework in Frameworks */ = {isa = PBXBuildFile; fileRef = E12C94F3609E72F6BC49BDBD /* Pods_TheOracleTests.framework */; };
/* End PBXBuildFile section */

/* Begin PBXContainerItemProxy section */
		1127823625B5C1BF0072F547 /* PBXContainerItemProxy */ = {
			isa = PBXContainerItemProxy;
			containerPortal = 1127821725B5C1BE0072F547 /* Project object */;
			proxyType = 1;
			remoteGlobalIDString = 1127821E25B5C1BE0072F547;
			remoteInfo = TheOracle;
		};
/* End PBXContainerItemProxy section */

/* Begin PBXFileReference section */
		1127821F25B5C1BE0072F547 /* TheOracle.app */ = {isa = PBXFileReference; explicitFileType = wrapper.application; includeInIndex = 0; path = TheOracle.app; sourceTree = BUILT_PRODUCTS_DIR; };
		1127822225B5C1BE0072F547 /* AppDelegate.swift */ = {isa = PBXFileReference; lastKnownFileType = sourcecode.swift; path = AppDelegate.swift; sourceTree = "<group>"; };
		1127822425B5C1BE0072F547 /* SceneDelegate.swift */ = {isa = PBXFileReference; lastKnownFileType = sourcecode.swift; path = SceneDelegate.swift; sourceTree = "<group>"; };
		1127822B25B5C1BF0072F547 /* Assets.xcassets */ = {isa = PBXFileReference; lastKnownFileType = folder.assetcatalog; path = Assets.xcassets; sourceTree = "<group>"; };
		1127822E25B5C1BF0072F547 /* Base */ = {isa = PBXFileReference; lastKnownFileType = file.storyboard; name = Base; path = Base.lproj/LaunchScreen.storyboard; sourceTree = "<group>"; };
		1127823025B5C1BF0072F547 /* Info.plist */ = {isa = PBXFileReference; lastKnownFileType = text.plist.xml; path = Info.plist; sourceTree = "<group>"; };
		1127823525B5C1BF0072F547 /* TheOracleTests.xctest */ = {isa = PBXFileReference; explicitFileType = wrapper.cfbundle; includeInIndex = 0; path = TheOracleTests.xctest; sourceTree = BUILT_PRODUCTS_DIR; };
		1127823925B5C1BF0072F547 /* TheOracleTests.swift */ = {isa = PBXFileReference; lastKnownFileType = sourcecode.swift; path = TheOracleTests.swift; sourceTree = "<group>"; };
		1127823B25B5C1BF0072F547 /* Info.plist */ = {isa = PBXFileReference; lastKnownFileType = text.plist.xml; path = Info.plist; sourceTree = "<group>"; };
		1127824925B5C2AC0072F547 /* Network.swift */ = {isa = PBXFileReference; lastKnownFileType = sourcecode.swift; path = Network.swift; sourceTree = "<group>"; };
		1127824B25B5C2B40072F547 /* DataSource.swift */ = {isa = PBXFileReference; lastKnownFileType = sourcecode.swift; path = DataSource.swift; sourceTree = "<group>"; };
		117E5B1725BB7CA200B93E74 /* UIImageView+Extension.swift */ = {isa = PBXFileReference; lastKnownFileType = sourcecode.swift; path = "UIImageView+Extension.swift"; sourceTree = "<group>"; };
		117E5B1D25BB823600B93E74 /* UILabel+Extensions.swift */ = {isa = PBXFileReference; lastKnownFileType = sourcecode.swift; path = "UILabel+Extensions.swift"; sourceTree = "<group>"; };
		117E5B2225BB83C700B93E74 /* FontConstants.swift */ = {isa = PBXFileReference; lastKnownFileType = sourcecode.swift; path = FontConstants.swift; sourceTree = "<group>"; };
		117E5B2625BEFA5000B93E74 /* OracleDetailViewController.swift */ = {isa = PBXFileReference; lastKnownFileType = sourcecode.swift; path = OracleDetailViewController.swift; sourceTree = "<group>"; };
		117E5B2B25BEFEB600B93E74 /* CardView.swift */ = {isa = PBXFileReference; lastKnownFileType = sourcecode.swift; path = CardView.swift; sourceTree = "<group>"; };
		11935A2125BA13D900DA7673 /* Oracle.swift */ = {isa = PBXFileReference; lastKnownFileType = sourcecode.swift; path = Oracle.swift; sourceTree = "<group>"; };
		11935A2525BA202100DA7673 /* GoogleService-Info.plist */ = {isa = PBXFileReference; fileEncoding = 4; lastKnownFileType = text.plist.xml; path = "GoogleService-Info.plist"; sourceTree = "<group>"; };
		11935A5425BA2B5000DA7673 /* OracleListViewModel.swift */ = {isa = PBXFileReference; lastKnownFileType = sourcecode.swift; path = OracleListViewModel.swift; sourceTree = "<group>"; };
		11935A5925BA2CAF00DA7673 /* OracleTableViewCell.swift */ = {isa = PBXFileReference; lastKnownFileType = sourcecode.swift; path = OracleTableViewCell.swift; sourceTree = "<group>"; };
		11935A5A25BA2CAF00DA7673 /* OracleTableViewCell.xib */ = {isa = PBXFileReference; lastKnownFileType = file.xib; path = OracleTableViewCell.xib; sourceTree = "<group>"; };
		11935A6025BA2F0E00DA7673 /* UITableViewCell+Extensions.swift */ = {isa = PBXFileReference; lastKnownFileType = sourcecode.swift; path = "UITableViewCell+Extensions.swift"; sourceTree = "<group>"; };
		119B5F3325C20C8100ECBFF7 /* AppCoordinator.swift */ = {isa = PBXFileReference; lastKnownFileType = sourcecode.swift; path = AppCoordinator.swift; sourceTree = "<group>"; };
		119B5F3925C20C9300ECBFF7 /* Coordinator.swift */ = {isa = PBXFileReference; lastKnownFileType = sourcecode.swift; path = Coordinator.swift; sourceTree = "<group>"; };
		119B5F4525C20EF000ECBFF7 /* OracleListCoordinator.swift */ = {isa = PBXFileReference; lastKnownFileType = sourcecode.swift; path = OracleListCoordinator.swift; sourceTree = "<group>"; };
		119B5F4925C20F5D00ECBFF7 /* Storyboarded.swift */ = {isa = PBXFileReference; lastKnownFileType = sourcecode.swift; path = Storyboarded.swift; sourceTree = "<group>"; };
		119B5F4F25C2114900ECBFF7 /* OracleListViewController.swift */ = {isa = PBXFileReference; lastKnownFileType = sourcecode.swift; path = OracleListViewController.swift; sourceTree = "<group>"; };
		119B5F5025C2114900ECBFF7 /* OracleListViewController.xib */ = {isa = PBXFileReference; lastKnownFileType = file.xib; path = OracleListViewController.xib; sourceTree = "<group>"; };
		119B5F5925C2144C00ECBFF7 /* UIViewController+Extensions.swift */ = {isa = PBXFileReference; lastKnownFileType = sourcecode.swift; path = "UIViewController+Extensions.swift"; sourceTree = "<group>"; };
		11AA71FE25C44BDC00A3185C /* OracleDetailViewModel.swift */ = {isa = PBXFileReference; lastKnownFileType = sourcecode.swift; path = OracleDetailViewModel.swift; sourceTree = "<group>"; };
		11AA720325C4505500A3185C /* OracleGameStepOneViewController.swift */ = {isa = PBXFileReference; lastKnownFileType = sourcecode.swift; path = OracleGameStepOneViewController.swift; sourceTree = "<group>"; };
		11AA720425C4505500A3185C /* OracleGameStepOneViewController.xib */ = {isa = PBXFileReference; lastKnownFileType = file.xib; path = OracleGameStepOneViewController.xib; sourceTree = "<group>"; };
		11AA720B25C4506B00A3185C /* OracleGameStepOneCoordinator.swift */ = {isa = PBXFileReference; lastKnownFileType = sourcecode.swift; path = OracleGameStepOneCoordinator.swift; sourceTree = "<group>"; };
		11AA720F25C450EE00A3185C /* OracleGameStepOneViewModel.swift */ = {isa = PBXFileReference; lastKnownFileType = sourcecode.swift; path = OracleGameStepOneViewModel.swift; sourceTree = "<group>"; };
		11D0C0E325C36BA2008C34D7 /* OracleCellViewModel.swift */ = {isa = PBXFileReference; lastKnownFileType = sourcecode.swift; path = OracleCellViewModel.swift; sourceTree = "<group>"; };
		11D0C0E925C36D7A008C34D7 /* OracleDetailCoordinator.swift */ = {isa = PBXFileReference; lastKnownFileType = sourcecode.swift; path = OracleDetailCoordinator.swift; sourceTree = "<group>"; };
		11D0C0F325C376A4008C34D7 /* OracleDetailViewController.xib */ = {isa = PBXFileReference; lastKnownFileType = file.xib; path = OracleDetailViewController.xib; sourceTree = "<group>"; };
		51280FE6DC848B650A9C5729 /* Pods-TheOracleTests.debug.xcconfig */ = {isa = PBXFileReference; includeInIndex = 1; lastKnownFileType = text.xcconfig; name = "Pods-TheOracleTests.debug.xcconfig"; path = "Target Support Files/Pods-TheOracleTests/Pods-TheOracleTests.debug.xcconfig"; sourceTree = "<group>"; };
		7BC1B5010FEE74751326A75E /* Pods-TheOracle.release.xcconfig */ = {isa = PBXFileReference; includeInIndex = 1; lastKnownFileType = text.xcconfig; name = "Pods-TheOracle.release.xcconfig"; path = "Target Support Files/Pods-TheOracle/Pods-TheOracle.release.xcconfig"; sourceTree = "<group>"; };
		81F5832B5D52257967B8C8F6 /* Pods-TheOracle.debug.xcconfig */ = {isa = PBXFileReference; includeInIndex = 1; lastKnownFileType = text.xcconfig; name = "Pods-TheOracle.debug.xcconfig"; path = "Target Support Files/Pods-TheOracle/Pods-TheOracle.debug.xcconfig"; sourceTree = "<group>"; };
		C836E32E4396FF6064D86EE8 /* Pods-TheOracleTests.release.xcconfig */ = {isa = PBXFileReference; includeInIndex = 1; lastKnownFileType = text.xcconfig; name = "Pods-TheOracleTests.release.xcconfig"; path = "Target Support Files/Pods-TheOracleTests/Pods-TheOracleTests.release.xcconfig"; sourceTree = "<group>"; };
		D5D4C7E8FDDBD4C516C5C71C /* Pods_TheOracle.framework */ = {isa = PBXFileReference; explicitFileType = wrapper.framework; includeInIndex = 0; path = Pods_TheOracle.framework; sourceTree = BUILT_PRODUCTS_DIR; };
		E12C94F3609E72F6BC49BDBD /* Pods_TheOracleTests.framework */ = {isa = PBXFileReference; explicitFileType = wrapper.framework; includeInIndex = 0; path = Pods_TheOracleTests.framework; sourceTree = BUILT_PRODUCTS_DIR; };
/* End PBXFileReference section */

/* Begin PBXFrameworksBuildPhase section */
		1127821C25B5C1BE0072F547 /* Frameworks */ = {
			isa = PBXFrameworksBuildPhase;
			buildActionMask = 2147483647;
			files = (
				55DDB071AD6F8B4FA5797E15 /* Pods_TheOracle.framework in Frameworks */,
			);
			runOnlyForDeploymentPostprocessing = 0;
		};
		1127823225B5C1BF0072F547 /* Frameworks */ = {
			isa = PBXFrameworksBuildPhase;
			buildActionMask = 2147483647;
			files = (
				8F5E9002EE263B63F185339E /* Pods_TheOracleTests.framework in Frameworks */,
			);
			runOnlyForDeploymentPostprocessing = 0;
		};
/* End PBXFrameworksBuildPhase section */

/* Begin PBXGroup section */
		1127821625B5C1BE0072F547 = {
			isa = PBXGroup;
			children = (
				1127822125B5C1BE0072F547 /* TheOracle */,
				1127823825B5C1BF0072F547 /* TheOracleTests */,
				1127822025B5C1BE0072F547 /* Products */,
				168CEB87BBFBE5E18760E149 /* Pods */,
				270D40B5834FDF6B40E364FA /* Frameworks */,
			);
			sourceTree = "<group>";
		};
		1127822025B5C1BE0072F547 /* Products */ = {
			isa = PBXGroup;
			children = (
				1127821F25B5C1BE0072F547 /* TheOracle.app */,
				1127823525B5C1BF0072F547 /* TheOracleTests.xctest */,
			);
			name = Products;
			sourceTree = "<group>";
		};
		1127822125B5C1BE0072F547 /* TheOracle */ = {
			isa = PBXGroup;
			children = (
				119B5F3225C20C6D00ECBFF7 /* Coordinators */,
				117E5B2125BB837700B93E74 /* Utils */,
				11935A5F25BA2EFB00DA7673 /* Extensions */,
				1127824825B5C2090072F547 /* SupportingFiles */,
				1127824725B5C1FD0072F547 /* Services */,
				1127824625B5C1EA0072F547 /* ViewModels */,
				1127824525B5C1E60072F547 /* Views */,
				1127824425B5C1E10072F547 /* Models */,
			);
			path = TheOracle;
			sourceTree = "<group>";
		};
		1127823825B5C1BF0072F547 /* TheOracleTests */ = {
			isa = PBXGroup;
			children = (
				1127823925B5C1BF0072F547 /* TheOracleTests.swift */,
				1127823B25B5C1BF0072F547 /* Info.plist */,
			);
			path = TheOracleTests;
			sourceTree = "<group>";
		};
		1127824425B5C1E10072F547 /* Models */ = {
			isa = PBXGroup;
			children = (
				11935A2125BA13D900DA7673 /* Oracle.swift */,
			);
			path = Models;
			sourceTree = "<group>";
		};
		1127824525B5C1E60072F547 /* Views */ = {
			isa = PBXGroup;
			children = (
				11AA720225C44FE400A3185C /* OracleGameStepOne */,
				11D0C0E025C36B65008C34D7 /* OracleDetail */,
				117E5B2A25BEFEA300B93E74 /* Common */,
				11935A5825BA2C6600DA7673 /* OracleList */,
				1127822D25B5C1BF0072F547 /* LaunchScreen.storyboard */,
			);
			path = Views;
			sourceTree = "<group>";
		};
		1127824625B5C1EA0072F547 /* ViewModels */ = {
			isa = PBXGroup;
			children = (
				11935A5425BA2B5000DA7673 /* OracleListViewModel.swift */,
				11D0C0E325C36BA2008C34D7 /* OracleCellViewModel.swift */,
				11AA71FE25C44BDC00A3185C /* OracleDetailViewModel.swift */,
				11AA720F25C450EE00A3185C /* OracleGameStepOneViewModel.swift */,
			);
			path = ViewModels;
			sourceTree = "<group>";
		};
		1127824725B5C1FD0072F547 /* Services */ = {
			isa = PBXGroup;
			children = (
				1127824925B5C2AC0072F547 /* Network.swift */,
				1127824B25B5C2B40072F547 /* DataSource.swift */,
			);
			path = Services;
			sourceTree = "<group>";
		};
		1127824825B5C2090072F547 /* SupportingFiles */ = {
			isa = PBXGroup;
			children = (
				11935A2525BA202100DA7673 /* GoogleService-Info.plist */,
				1127822225B5C1BE0072F547 /* AppDelegate.swift */,
				1127822425B5C1BE0072F547 /* SceneDelegate.swift */,
				1127822B25B5C1BF0072F547 /* Assets.xcassets */,
				1127823025B5C1BF0072F547 /* Info.plist */,
			);
			path = SupportingFiles;
			sourceTree = "<group>";
		};
		117E5B2125BB837700B93E74 /* Utils */ = {
			isa = PBXGroup;
			children = (
				117E5B2225BB83C700B93E74 /* FontConstants.swift */,
			);
			path = Utils;
			sourceTree = "<group>";
		};
		117E5B2A25BEFEA300B93E74 /* Common */ = {
			isa = PBXGroup;
			children = (
				117E5B2B25BEFEB600B93E74 /* CardView.swift */,
				119B5F4925C20F5D00ECBFF7 /* Storyboarded.swift */,
			);
			path = Common;
			sourceTree = "<group>";
		};
		11935A5825BA2C6600DA7673 /* OracleList */ = {
			isa = PBXGroup;
			children = (
				11935A5925BA2CAF00DA7673 /* OracleTableViewCell.swift */,
				11935A5A25BA2CAF00DA7673 /* OracleTableViewCell.xib */,
				119B5F4F25C2114900ECBFF7 /* OracleListViewController.swift */,
				119B5F5025C2114900ECBFF7 /* OracleListViewController.xib */,
			);
			path = OracleList;
			sourceTree = "<group>";
		};
		11935A5F25BA2EFB00DA7673 /* Extensions */ = {
			isa = PBXGroup;
			children = (
				11935A6025BA2F0E00DA7673 /* UITableViewCell+Extensions.swift */,
				117E5B1725BB7CA200B93E74 /* UIImageView+Extension.swift */,
				117E5B1D25BB823600B93E74 /* UILabel+Extensions.swift */,
				119B5F5925C2144C00ECBFF7 /* UIViewController+Extensions.swift */,
			);
			path = Extensions;
			sourceTree = "<group>";
		};
		119B5F3225C20C6D00ECBFF7 /* Coordinators */ = {
			isa = PBXGroup;
			children = (
				119B5F3325C20C8100ECBFF7 /* AppCoordinator.swift */,
				119B5F3925C20C9300ECBFF7 /* Coordinator.swift */,
				119B5F4525C20EF000ECBFF7 /* OracleListCoordinator.swift */,
				11D0C0E925C36D7A008C34D7 /* OracleDetailCoordinator.swift */,
				11AA720B25C4506B00A3185C /* OracleGameStepOneCoordinator.swift */,
			);
			path = Coordinators;
			sourceTree = "<group>";
		};
		11AA720225C44FE400A3185C /* OracleGameStepOne */ = {
			isa = PBXGroup;
			children = (
				11AA720325C4505500A3185C /* OracleGameStepOneViewController.swift */,
				11AA720425C4505500A3185C /* OracleGameStepOneViewController.xib */,
			);
			path = OracleGameStepOne;
			sourceTree = "<group>";
		};
		11D0C0E025C36B65008C34D7 /* OracleDetail */ = {
			isa = PBXGroup;
			children = (
				117E5B2625BEFA5000B93E74 /* OracleDetailViewController.swift */,
				11D0C0F325C376A4008C34D7 /* OracleDetailViewController.xib */,
			);
			path = OracleDetail;
			sourceTree = "<group>";
		};
		168CEB87BBFBE5E18760E149 /* Pods */ = {
			isa = PBXGroup;
			children = (
				81F5832B5D52257967B8C8F6 /* Pods-TheOracle.debug.xcconfig */,
				7BC1B5010FEE74751326A75E /* Pods-TheOracle.release.xcconfig */,
				51280FE6DC848B650A9C5729 /* Pods-TheOracleTests.debug.xcconfig */,
				C836E32E4396FF6064D86EE8 /* Pods-TheOracleTests.release.xcconfig */,
			);
			path = Pods;
			sourceTree = "<group>";
		};
		270D40B5834FDF6B40E364FA /* Frameworks */ = {
			isa = PBXGroup;
			children = (
				D5D4C7E8FDDBD4C516C5C71C /* Pods_TheOracle.framework */,
				E12C94F3609E72F6BC49BDBD /* Pods_TheOracleTests.framework */,
			);
			name = Frameworks;
			sourceTree = "<group>";
		};
/* End PBXGroup section */

/* Begin PBXNativeTarget section */
		1127821E25B5C1BE0072F547 /* TheOracle */ = {
			isa = PBXNativeTarget;
			buildConfigurationList = 1127823E25B5C1BF0072F547 /* Build configuration list for PBXNativeTarget "TheOracle" */;
			buildPhases = (
				525A98544C6D29B528EBB0E6 /* [CP] Check Pods Manifest.lock */,
				1127821B25B5C1BE0072F547 /* Sources */,
				1127821C25B5C1BE0072F547 /* Frameworks */,
				1127821D25B5C1BE0072F547 /* Resources */,
				D1237E03A19652B9238A157B /* [CP] Embed Pods Frameworks */,
			);
			buildRules = (
			);
			dependencies = (
			);
			name = TheOracle;
			productName = TheOracle;
			productReference = 1127821F25B5C1BE0072F547 /* TheOracle.app */;
			productType = "com.apple.product-type.application";
		};
		1127823425B5C1BF0072F547 /* TheOracleTests */ = {
			isa = PBXNativeTarget;
			buildConfigurationList = 1127824125B5C1BF0072F547 /* Build configuration list for PBXNativeTarget "TheOracleTests" */;
			buildPhases = (
				0FDBBFA9D73DEA40DC7C7473 /* [CP] Check Pods Manifest.lock */,
				1127823125B5C1BF0072F547 /* Sources */,
				1127823225B5C1BF0072F547 /* Frameworks */,
				1127823325B5C1BF0072F547 /* Resources */,
			);
			buildRules = (
			);
			dependencies = (
				1127823725B5C1BF0072F547 /* PBXTargetDependency */,
			);
			name = TheOracleTests;
			productName = TheOracleTests;
			productReference = 1127823525B5C1BF0072F547 /* TheOracleTests.xctest */;
			productType = "com.apple.product-type.bundle.unit-test";
		};
/* End PBXNativeTarget section */

/* Begin PBXProject section */
		1127821725B5C1BE0072F547 /* Project object */ = {
			isa = PBXProject;
			attributes = {
				LastSwiftUpdateCheck = 1130;
				LastUpgradeCheck = 1130;
				ORGANIZATIONNAME = "Giovanni Luigi Bruno";
				TargetAttributes = {
					1127821E25B5C1BE0072F547 = {
						CreatedOnToolsVersion = 11.3.1;
					};
					1127823425B5C1BF0072F547 = {
						CreatedOnToolsVersion = 11.3.1;
						TestTargetID = 1127821E25B5C1BE0072F547;
					};
				};
			};
			buildConfigurationList = 1127821A25B5C1BE0072F547 /* Build configuration list for PBXProject "TheOracle" */;
			compatibilityVersion = "Xcode 9.3";
			developmentRegion = en;
			hasScannedForEncodings = 0;
			knownRegions = (
				en,
				Base,
			);
			mainGroup = 1127821625B5C1BE0072F547;
			productRefGroup = 1127822025B5C1BE0072F547 /* Products */;
			projectDirPath = "";
			projectRoot = "";
			targets = (
				1127821E25B5C1BE0072F547 /* TheOracle */,
				1127823425B5C1BF0072F547 /* TheOracleTests */,
			);
		};
/* End PBXProject section */

/* Begin PBXResourcesBuildPhase section */
		1127821D25B5C1BE0072F547 /* Resources */ = {
			isa = PBXResourcesBuildPhase;
			buildActionMask = 2147483647;
			files = (
				119B5F5225C2114900ECBFF7 /* OracleListViewController.xib in Resources */,
				11D0C0F425C376A4008C34D7 /* OracleDetailViewController.xib in Resources */,
				1127822F25B5C1BF0072F547 /* LaunchScreen.storyboard in Resources */,
				11935A2625BA202100DA7673 /* GoogleService-Info.plist in Resources */,
				11AA720625C4505500A3185C /* OracleGameStepOneViewController.xib in Resources */,
				1127822C25B5C1BF0072F547 /* Assets.xcassets in Resources */,
				11935A5C25BA2CAF00DA7673 /* OracleTableViewCell.xib in Resources */,
			);
			runOnlyForDeploymentPostprocessing = 0;
		};
		1127823325B5C1BF0072F547 /* Resources */ = {
			isa = PBXResourcesBuildPhase;
			buildActionMask = 2147483647;
			files = (
			);
			runOnlyForDeploymentPostprocessing = 0;
		};
/* End PBXResourcesBuildPhase section */

/* Begin PBXShellScriptBuildPhase section */
		0FDBBFA9D73DEA40DC7C7473 /* [CP] Check Pods Manifest.lock */ = {
			isa = PBXShellScriptBuildPhase;
			buildActionMask = 2147483647;
			files = (
			);
			inputFileListPaths = (
			);
			inputPaths = (
				"${PODS_PODFILE_DIR_PATH}/Podfile.lock",
				"${PODS_ROOT}/Manifest.lock",
			);
			name = "[CP] Check Pods Manifest.lock";
			outputFileListPaths = (
			);
			outputPaths = (
				"$(DERIVED_FILE_DIR)/Pods-TheOracleTests-checkManifestLockResult.txt",
			);
			runOnlyForDeploymentPostprocessing = 0;
			shellPath = /bin/sh;
			shellScript = "diff \"${PODS_PODFILE_DIR_PATH}/Podfile.lock\" \"${PODS_ROOT}/Manifest.lock\" > /dev/null\nif [ $? != 0 ] ; then\n    # print error to STDERR\n    echo \"error: The sandbox is not in sync with the Podfile.lock. Run 'pod install' or update your CocoaPods installation.\" >&2\n    exit 1\nfi\n# This output is used by Xcode 'outputs' to avoid re-running this script phase.\necho \"SUCCESS\" > \"${SCRIPT_OUTPUT_FILE_0}\"\n";
			showEnvVarsInLog = 0;
		};
		525A98544C6D29B528EBB0E6 /* [CP] Check Pods Manifest.lock */ = {
			isa = PBXShellScriptBuildPhase;
			buildActionMask = 2147483647;
			files = (
			);
			inputFileListPaths = (
			);
			inputPaths = (
				"${PODS_PODFILE_DIR_PATH}/Podfile.lock",
				"${PODS_ROOT}/Manifest.lock",
			);
			name = "[CP] Check Pods Manifest.lock";
			outputFileListPaths = (
			);
			outputPaths = (
				"$(DERIVED_FILE_DIR)/Pods-TheOracle-checkManifestLockResult.txt",
			);
			runOnlyForDeploymentPostprocessing = 0;
			shellPath = /bin/sh;
			shellScript = "diff \"${PODS_PODFILE_DIR_PATH}/Podfile.lock\" \"${PODS_ROOT}/Manifest.lock\" > /dev/null\nif [ $? != 0 ] ; then\n    # print error to STDERR\n    echo \"error: The sandbox is not in sync with the Podfile.lock. Run 'pod install' or update your CocoaPods installation.\" >&2\n    exit 1\nfi\n# This output is used by Xcode 'outputs' to avoid re-running this script phase.\necho \"SUCCESS\" > \"${SCRIPT_OUTPUT_FILE_0}\"\n";
			showEnvVarsInLog = 0;
		};
		D1237E03A19652B9238A157B /* [CP] Embed Pods Frameworks */ = {
			isa = PBXShellScriptBuildPhase;
			buildActionMask = 2147483647;
			files = (
			);
			inputFileListPaths = (
				"${PODS_ROOT}/Target Support Files/Pods-TheOracle/Pods-TheOracle-frameworks-${CONFIGURATION}-input-files.xcfilelist",
			);
			name = "[CP] Embed Pods Frameworks";
			outputFileListPaths = (
				"${PODS_ROOT}/Target Support Files/Pods-TheOracle/Pods-TheOracle-frameworks-${CONFIGURATION}-output-files.xcfilelist",
			);
			runOnlyForDeploymentPostprocessing = 0;
			shellPath = /bin/sh;
			shellScript = "\"${PODS_ROOT}/Target Support Files/Pods-TheOracle/Pods-TheOracle-frameworks.sh\"\n";
			showEnvVarsInLog = 0;
		};
/* End PBXShellScriptBuildPhase section */

/* Begin PBXSourcesBuildPhase section */
		1127821B25B5C1BE0072F547 /* Sources */ = {
			isa = PBXSourcesBuildPhase;
			buildActionMask = 2147483647;
			files = (
				119B5F3A25C20C9300ECBFF7 /* Coordinator.swift in Sources */,
				11AA720525C4505500A3185C /* OracleGameStepOneViewController.swift in Sources */,
				117E5B2C25BEFEB600B93E74 /* CardView.swift in Sources */,
				117E5B2725BEFA5000B93E74 /* OracleDetailViewController.swift in Sources */,
				11935A2225BA13D900DA7673 /* Oracle.swift in Sources */,
				119B5F4A25C20F5D00ECBFF7 /* Storyboarded.swift in Sources */,
				119B5F5125C2114900ECBFF7 /* OracleListViewController.swift in Sources */,
				119B5F5A25C2144C00ECBFF7 /* UIViewController+Extensions.swift in Sources */,
				117E5B1E25BB823600B93E74 /* UILabel+Extensions.swift in Sources */,
				119B5F4625C20EF000ECBFF7 /* OracleListCoordinator.swift in Sources */,
				1127822325B5C1BE0072F547 /* AppDelegate.swift in Sources */,
				11AA720C25C4506B00A3185C /* OracleGameStepOneCoordinator.swift in Sources */,
				1127824A25B5C2AC0072F547 /* Network.swift in Sources */,
				11935A5525BA2B5000DA7673 /* OracleListViewModel.swift in Sources */,
				11D0C0EA25C36D7A008C34D7 /* OracleDetailCoordinator.swift in Sources */,
				11AA721025C450EE00A3185C /* OracleGameStepOneViewModel.swift in Sources */,
				117E5B2325BB83C700B93E74 /* FontConstants.swift in Sources */,
				11935A5B25BA2CAF00DA7673 /* OracleTableViewCell.swift in Sources */,
				1127824C25B5C2B40072F547 /* DataSource.swift in Sources */,
				117E5B1825BB7CA200B93E74 /* UIImageView+Extension.swift in Sources */,
				119B5F3425C20C8100ECBFF7 /* AppCoordinator.swift in Sources */,
				1127822525B5C1BE0072F547 /* SceneDelegate.swift in Sources */,
				11AA71FF25C44BDC00A3185C /* OracleDetailViewModel.swift in Sources */,
				11D0C0E425C36BA2008C34D7 /* OracleCellViewModel.swift in Sources */,
				11935A6125BA2F0E00DA7673 /* UITableViewCell+Extensions.swift in Sources */,
			);
			runOnlyForDeploymentPostprocessing = 0;
		};
		1127823125B5C1BF0072F547 /* Sources */ = {
			isa = PBXSourcesBuildPhase;
			buildActionMask = 2147483647;
			files = (
				1127823A25B5C1BF0072F547 /* TheOracleTests.swift in Sources */,
			);
			runOnlyForDeploymentPostprocessing = 0;
		};
/* End PBXSourcesBuildPhase section */

/* Begin PBXTargetDependency section */
		1127823725B5C1BF0072F547 /* PBXTargetDependency */ = {
			isa = PBXTargetDependency;
			target = 1127821E25B5C1BE0072F547 /* TheOracle */;
			targetProxy = 1127823625B5C1BF0072F547 /* PBXContainerItemProxy */;
		};
/* End PBXTargetDependency section */

/* Begin PBXVariantGroup section */
		1127822D25B5C1BF0072F547 /* LaunchScreen.storyboard */ = {
			isa = PBXVariantGroup;
			children = (
				1127822E25B5C1BF0072F547 /* Base */,
			);
			name = LaunchScreen.storyboard;
			sourceTree = "<group>";
		};
/* End PBXVariantGroup section */

/* Begin XCBuildConfiguration section */
		1127823C25B5C1BF0072F547 /* Debug */ = {
			isa = XCBuildConfiguration;
			buildSettings = {
				ALWAYS_SEARCH_USER_PATHS = NO;
				CLANG_ANALYZER_NONNULL = YES;
				CLANG_ANALYZER_NUMBER_OBJECT_CONVERSION = YES_AGGRESSIVE;
				CLANG_CXX_LANGUAGE_STANDARD = "gnu++14";
				CLANG_CXX_LIBRARY = "libc++";
				CLANG_ENABLE_MODULES = YES;
				CLANG_ENABLE_OBJC_ARC = YES;
				CLANG_ENABLE_OBJC_WEAK = YES;
				CLANG_WARN_BLOCK_CAPTURE_AUTORELEASING = YES;
				CLANG_WARN_BOOL_CONVERSION = YES;
				CLANG_WARN_COMMA = YES;
				CLANG_WARN_CONSTANT_CONVERSION = YES;
				CLANG_WARN_DEPRECATED_OBJC_IMPLEMENTATIONS = YES;
				CLANG_WARN_DIRECT_OBJC_ISA_USAGE = YES_ERROR;
				CLANG_WARN_DOCUMENTATION_COMMENTS = YES;
				CLANG_WARN_EMPTY_BODY = YES;
				CLANG_WARN_ENUM_CONVERSION = YES;
				CLANG_WARN_INFINITE_RECURSION = YES;
				CLANG_WARN_INT_CONVERSION = YES;
				CLANG_WARN_NON_LITERAL_NULL_CONVERSION = YES;
				CLANG_WARN_OBJC_IMPLICIT_RETAIN_SELF = YES;
				CLANG_WARN_OBJC_LITERAL_CONVERSION = YES;
				CLANG_WARN_OBJC_ROOT_CLASS = YES_ERROR;
				CLANG_WARN_RANGE_LOOP_ANALYSIS = YES;
				CLANG_WARN_STRICT_PROTOTYPES = YES;
				CLANG_WARN_SUSPICIOUS_MOVE = YES;
				CLANG_WARN_UNGUARDED_AVAILABILITY = YES_AGGRESSIVE;
				CLANG_WARN_UNREACHABLE_CODE = YES;
				CLANG_WARN__DUPLICATE_METHOD_MATCH = YES;
				COPY_PHASE_STRIP = NO;
				DEBUG_INFORMATION_FORMAT = dwarf;
				ENABLE_STRICT_OBJC_MSGSEND = YES;
				ENABLE_TESTABILITY = YES;
				GCC_C_LANGUAGE_STANDARD = gnu11;
				GCC_DYNAMIC_NO_PIC = NO;
				GCC_NO_COMMON_BLOCKS = YES;
				GCC_OPTIMIZATION_LEVEL = 0;
				GCC_PREPROCESSOR_DEFINITIONS = (
					"DEBUG=1",
					"$(inherited)",
				);
				GCC_WARN_64_TO_32_BIT_CONVERSION = YES;
				GCC_WARN_ABOUT_RETURN_TYPE = YES_ERROR;
				GCC_WARN_UNDECLARED_SELECTOR = YES;
				GCC_WARN_UNINITIALIZED_AUTOS = YES_AGGRESSIVE;
				GCC_WARN_UNUSED_FUNCTION = YES;
				GCC_WARN_UNUSED_VARIABLE = YES;
				IPHONEOS_DEPLOYMENT_TARGET = 13.2;
				MTL_ENABLE_DEBUG_INFO = INCLUDE_SOURCE;
				MTL_FAST_MATH = YES;
				ONLY_ACTIVE_ARCH = YES;
				SDKROOT = iphoneos;
				SWIFT_ACTIVE_COMPILATION_CONDITIONS = DEBUG;
				SWIFT_OPTIMIZATION_LEVEL = "-Onone";
			};
			name = Debug;
		};
		1127823D25B5C1BF0072F547 /* Release */ = {
			isa = XCBuildConfiguration;
			buildSettings = {
				ALWAYS_SEARCH_USER_PATHS = NO;
				CLANG_ANALYZER_NONNULL = YES;
				CLANG_ANALYZER_NUMBER_OBJECT_CONVERSION = YES_AGGRESSIVE;
				CLANG_CXX_LANGUAGE_STANDARD = "gnu++14";
				CLANG_CXX_LIBRARY = "libc++";
				CLANG_ENABLE_MODULES = YES;
				CLANG_ENABLE_OBJC_ARC = YES;
				CLANG_ENABLE_OBJC_WEAK = YES;
				CLANG_WARN_BLOCK_CAPTURE_AUTORELEASING = YES;
				CLANG_WARN_BOOL_CONVERSION = YES;
				CLANG_WARN_COMMA = YES;
				CLANG_WARN_CONSTANT_CONVERSION = YES;
				CLANG_WARN_DEPRECATED_OBJC_IMPLEMENTATIONS = YES;
				CLANG_WARN_DIRECT_OBJC_ISA_USAGE = YES_ERROR;
				CLANG_WARN_DOCUMENTATION_COMMENTS = YES;
				CLANG_WARN_EMPTY_BODY = YES;
				CLANG_WARN_ENUM_CONVERSION = YES;
				CLANG_WARN_INFINITE_RECURSION = YES;
				CLANG_WARN_INT_CONVERSION = YES;
				CLANG_WARN_NON_LITERAL_NULL_CONVERSION = YES;
				CLANG_WARN_OBJC_IMPLICIT_RETAIN_SELF = YES;
				CLANG_WARN_OBJC_LITERAL_CONVERSION = YES;
				CLANG_WARN_OBJC_ROOT_CLASS = YES_ERROR;
				CLANG_WARN_RANGE_LOOP_ANALYSIS = YES;
				CLANG_WARN_STRICT_PROTOTYPES = YES;
				CLANG_WARN_SUSPICIOUS_MOVE = YES;
				CLANG_WARN_UNGUARDED_AVAILABILITY = YES_AGGRESSIVE;
				CLANG_WARN_UNREACHABLE_CODE = YES;
				CLANG_WARN__DUPLICATE_METHOD_MATCH = YES;
				COPY_PHASE_STRIP = NO;
				DEBUG_INFORMATION_FORMAT = "dwarf-with-dsym";
				ENABLE_NS_ASSERTIONS = NO;
				ENABLE_STRICT_OBJC_MSGSEND = YES;
				GCC_C_LANGUAGE_STANDARD = gnu11;
				GCC_NO_COMMON_BLOCKS = YES;
				GCC_WARN_64_TO_32_BIT_CONVERSION = YES;
				GCC_WARN_ABOUT_RETURN_TYPE = YES_ERROR;
				GCC_WARN_UNDECLARED_SELECTOR = YES;
				GCC_WARN_UNINITIALIZED_AUTOS = YES_AGGRESSIVE;
				GCC_WARN_UNUSED_FUNCTION = YES;
				GCC_WARN_UNUSED_VARIABLE = YES;
				IPHONEOS_DEPLOYMENT_TARGET = 13.2;
				MTL_ENABLE_DEBUG_INFO = NO;
				MTL_FAST_MATH = YES;
				SDKROOT = iphoneos;
				SWIFT_COMPILATION_MODE = wholemodule;
				SWIFT_OPTIMIZATION_LEVEL = "-O";
				VALIDATE_PRODUCT = YES;
			};
			name = Release;
		};
		1127823F25B5C1BF0072F547 /* Debug */ = {
			isa = XCBuildConfiguration;
			baseConfigurationReference = 81F5832B5D52257967B8C8F6 /* Pods-TheOracle.debug.xcconfig */;
			buildSettings = {
				ASSETCATALOG_COMPILER_APPICON_NAME = AppIcon;
				CODE_SIGN_STYLE = Automatic;
				DEVELOPMENT_TEAM = A3J488KW82;
				INFOPLIST_FILE = TheOracle/SupportingFiles/Info.plist;
				LD_RUNPATH_SEARCH_PATHS = (
					"$(inherited)",
					"@executable_path/Frameworks",
				);
				PRODUCT_BUNDLE_IDENTIFIER = pomappo.com.TheOracle;
				PRODUCT_NAME = "$(TARGET_NAME)";
				SWIFT_VERSION = 5.0;
				TARGETED_DEVICE_FAMILY = 1;
			};
			name = Debug;
		};
		1127824025B5C1BF0072F547 /* Release */ = {
			isa = XCBuildConfiguration;
			baseConfigurationReference = 7BC1B5010FEE74751326A75E /* Pods-TheOracle.release.xcconfig */;
			buildSettings = {
				ASSETCATALOG_COMPILER_APPICON_NAME = AppIcon;
				CODE_SIGN_STYLE = Automatic;
				DEVELOPMENT_TEAM = A3J488KW82;
				INFOPLIST_FILE = TheOracle/SupportingFiles/Info.plist;
				LD_RUNPATH_SEARCH_PATHS = (
					"$(inherited)",
					"@executable_path/Frameworks",
				);
				PRODUCT_BUNDLE_IDENTIFIER = pomappo.com.TheOracle;
				PRODUCT_NAME = "$(TARGET_NAME)";
				SWIFT_VERSION = 5.0;
				TARGETED_DEVICE_FAMILY = 1;
			};
			name = Release;
		};
		1127824225B5C1BF0072F547 /* Debug */ = {
			isa = XCBuildConfiguration;
			baseConfigurationReference = 51280FE6DC848B650A9C5729 /* Pods-TheOracleTests.debug.xcconfig */;
			buildSettings = {
				ALWAYS_EMBED_SWIFT_STANDARD_LIBRARIES = YES;
				BUNDLE_LOADER = "$(TEST_HOST)";
				CODE_SIGN_STYLE = Automatic;
				DEVELOPMENT_TEAM = A3J488KW82;
				INFOPLIST_FILE = TheOracleTests/Info.plist;
				IPHONEOS_DEPLOYMENT_TARGET = 13.2;
				LD_RUNPATH_SEARCH_PATHS = (
					"$(inherited)",
					"@executable_path/Frameworks",
					"@loader_path/Frameworks",
				);
				PRODUCT_BUNDLE_IDENTIFIER = pomappo.com.TheOracleTests;
				PRODUCT_NAME = "$(TARGET_NAME)";
				SWIFT_VERSION = 5.0;
				TARGETED_DEVICE_FAMILY = "1,2";
				TEST_HOST = "$(BUILT_PRODUCTS_DIR)/TheOracle.app/TheOracle";
			};
			name = Debug;
		};
		1127824325B5C1BF0072F547 /* Release */ = {
			isa = XCBuildConfiguration;
			baseConfigurationReference = C836E32E4396FF6064D86EE8 /* Pods-TheOracleTests.release.xcconfig */;
			buildSettings = {
				ALWAYS_EMBED_SWIFT_STANDARD_LIBRARIES = YES;
				BUNDLE_LOADER = "$(TEST_HOST)";
				CODE_SIGN_STYLE = Automatic;
				DEVELOPMENT_TEAM = A3J488KW82;
				INFOPLIST_FILE = TheOracleTests/Info.plist;
				IPHONEOS_DEPLOYMENT_TARGET = 13.2;
				LD_RUNPATH_SEARCH_PATHS = (
					"$(inherited)",
					"@executable_path/Frameworks",
					"@loader_path/Frameworks",
				);
				PRODUCT_BUNDLE_IDENTIFIER = pomappo.com.TheOracleTests;
				PRODUCT_NAME = "$(TARGET_NAME)";
				SWIFT_VERSION = 5.0;
				TARGETED_DEVICE_FAMILY = "1,2";
				TEST_HOST = "$(BUILT_PRODUCTS_DIR)/TheOracle.app/TheOracle";
			};
			name = Release;
		};
/* End XCBuildConfiguration section */

/* Begin XCConfigurationList section */
		1127821A25B5C1BE0072F547 /* Build configuration list for PBXProject "TheOracle" */ = {
			isa = XCConfigurationList;
			buildConfigurations = (
				1127823C25B5C1BF0072F547 /* Debug */,
				1127823D25B5C1BF0072F547 /* Release */,
			);
			defaultConfigurationIsVisible = 0;
			defaultConfigurationName = Release;
		};
		1127823E25B5C1BF0072F547 /* Build configuration list for PBXNativeTarget "TheOracle" */ = {
			isa = XCConfigurationList;
			buildConfigurations = (
				1127823F25B5C1BF0072F547 /* Debug */,
				1127824025B5C1BF0072F547 /* Release */,
			);
			defaultConfigurationIsVisible = 0;
			defaultConfigurationName = Release;
		};
		1127824125B5C1BF0072F547 /* Build configuration list for PBXNativeTarget "TheOracleTests" */ = {
			isa = XCConfigurationList;
			buildConfigurations = (
				1127824225B5C1BF0072F547 /* Debug */,
				1127824325B5C1BF0072F547 /* Release */,
			);
			defaultConfigurationIsVisible = 0;
			defaultConfigurationName = Release;
		};
/* End XCConfigurationList section */
	};
	rootObject = 1127821725B5C1BE0072F547 /* Project object */;
}
